
Microsoft Visual Studio Solution File, Format Version 12.00
# Visual Studio Version 17
VisualStudioVersion = 17.10.35122.118
MinimumVisualStudioVersion = 10.0.40219.1
Project("{FAE04EC0-301F-11D3-BF4B-00C04F79EFBC}") = "PokemonHubXWatches", "PokemonHubXWatches\PokemonHubXWatches.csproj", "{859A79FF-FE8B-4ABA-97AA-908406F3C616}"
EndProject
Global
	GlobalSection(SolutionConfigurationPlatforms) = preSolution
		Debug|Any CPU = Debug|Any CPU
		Release|Any CPU = Release|Any CPU
	EndGlobalSection
	GlobalSection(ProjectConfigurationPlatforms) = postSolution
		{859A79FF-FE8B-4ABA-97AA-908406F3C616}.Debug|Any CPU.ActiveCfg = Debug|Any CPU
		{859A79FF-FE8B-4ABA-97AA-908406F3C616}.Debug|Any CPU.Build.0 = Debug|Any CPU
		{859A79FF-FE8B-4ABA-97AA-908406F3C616}.Release|Any CPU.ActiveCfg = Release|Any CPU
		{859A79FF-FE8B-4ABA-97AA-908406F3C616}.Release|Any CPU.Build.0 = Release|Any CPU
	EndGlobalSection
	GlobalSection(SolutionProperties) = preSolution
		HideSolutionNode = FALSE
	EndGlobalSection
	GlobalSection(ExtensibilityGlobals) = postSolution
		SolutionGuid = {53358303-81DE-472F-AE85-7DB5E5E4CA1D}
	EndGlobalSection
EndGlobal
